
Microsoft Visual Studio Solution File, Format Version 12.00
# Visual Studio Version 17
VisualStudioVersion = 17.3.32819.101
MinimumVisualStudioVersion = 10.0.40219.1
Project("{FAE04EC0-301F-11D3-BF4B-00C04F79EFBC}") = "Formulario Contactos Arreglo", "Formulario Contactos Arreglo\Formulario Contactos Arreglo.csproj", "{175301CA-059D-49B6-BCF3-3DC516C8E024}"
EndProject
Global
	GlobalSection(SolutionConfigurationPlatforms) = preSolution
		Debug|Any CPU = Debug|Any CPU
		Release|Any CPU = Release|Any CPU
	EndGlobalSection
	GlobalSection(ProjectConfigurationPlatforms) = postSolution
		{175301CA-059D-49B6-BCF3-3DC516C8E024}.Debug|Any CPU.ActiveCfg = Debug|Any CPU
		{175301CA-059D-49B6-BCF3-3DC516C8E024}.Debug|Any CPU.Build.0 = Debug|Any CPU
		{175301CA-059D-49B6-BCF3-3DC516C8E024}.Release|Any CPU.ActiveCfg = Release|Any CPU
		{175301CA-059D-49B6-BCF3-3DC516C8E024}.Release|Any CPU.Build.0 = Release|Any CPU
	EndGlobalSection
	GlobalSection(SolutionProperties) = preSolution
		HideSolutionNode = FALSE
	EndGlobalSection
	GlobalSection(ExtensibilityGlobals) = postSolution
		SolutionGuid = {3F5D6131-0E45-4E97-9753-B8612A1352D1}
	EndGlobalSection
EndGlobal
